
Microsoft Visual Studio Solution File, Format Version 12.00
# Visual Studio Version 16
VisualStudioVersion = 16.0.31410.357
MinimumVisualStudioVersion = 10.0.40219.1
Project("{FAE04EC0-301F-11D3-BF4B-00C04F79EFBC}") = "FileIODemo", "FileIODemo\FileIODemo.csproj", "{FC756A59-DFA9-418C-98BD-01C9B1443E2F}"
EndProject
Project("{FAE04EC0-301F-11D3-BF4B-00C04F79EFBC}") = "FileIO", "FileIO\FileIO.csproj", "{119BF1CB-19EC-44C5-A52F-8F193286C358}"
EndProject
Global
	GlobalSection(SolutionConfigurationPlatforms) = preSolution
		Debug|Any CPU = Debug|Any CPU
		Release|Any CPU = Release|Any CPU
	EndGlobalSection
	GlobalSection(ProjectConfigurationPlatforms) = postSolution
		{FC756A59-DFA9-418C-98BD-01C9B1443E2F}.Debug|Any CPU.ActiveCfg = Debug|Any CPU
		{FC756A59-DFA9-418C-98BD-01C9B1443E2F}.Debug|Any CPU.Build.0 = Debug|Any CPU
		{FC756A59-DFA9-418C-98BD-01C9B1443E2F}.Release|Any CPU.ActiveCfg = Release|Any CPU
		{FC756A59-DFA9-418C-98BD-01C9B1443E2F}.Release|Any CPU.Build.0 = Release|Any CPU
		{119BF1CB-19EC-44C5-A52F-8F193286C358}.Debug|Any CPU.ActiveCfg = Debug|Any CPU
		{119BF1CB-19EC-44C5-A52F-8F193286C358}.Debug|Any CPU.Build.0 = Debug|Any CPU
		{119BF1CB-19EC-44C5-A52F-8F193286C358}.Release|Any CPU.ActiveCfg = Release|Any CPU
		{119BF1CB-19EC-44C5-A52F-8F193286C358}.Release|Any CPU.Build.0 = Release|Any CPU
	EndGlobalSection
	GlobalSection(SolutionProperties) = preSolution
		HideSolutionNode = FALSE
	EndGlobalSection
	GlobalSection(ExtensibilityGlobals) = postSolution
		SolutionGuid = {158CA112-0D44-46C4-9FF1-1AC402CD1D71}
	EndGlobalSection
EndGlobal
